# Generated by conda-lock.
# platform: osx-64
# input_hash: b321d15c65a3958f137824fa20d9e9adada743de2566dd3ee65da1591f4ed66a
@EXPLICIT
https://conda.anaconda.org/conda-forge/noarch/python_abi-3.9-8_pypy39_pp73.conda#2ff00dc468e2e4f2d07a44a6ec9f854b
https://conda.anaconda.org/conda-forge/noarch/tzdata-2025c-h8577fbf_0.conda#338201218b54cadff2e774ac27733990
https://conda.anaconda.org/conda-forge/osx-64/bzip2-1.0.8-h500dc9f_8.conda#97c4b3bd8a90722104798175a1bdddbf
https://conda.anaconda.org/conda-forge/noarch/ca-certificates-2025.11.12-hbd8a1cb_0.conda#f0991f0f84902f6b6009b4d2350a83aa
https://conda.anaconda.org/conda-forge/osx-64/icu-75.1-h120a0e1_0.conda#d68d48a3060eb5abdc1cdc8e2a3a5966
https://conda.anaconda.org/conda-forge/osx-64/libexpat-2.7.3-heffb93a_0.conda#222e0732a1d0780a622926265bee14ef
https://conda.anaconda.org/conda-forge/osx-64/libffi-3.5.2-h750e83c_0.conda#d214916b24c625bcc459b245d509f22e
https://conda.anaconda.org/conda-forge/osx-64/liblzma-5.8.1-hd471939_2.conda#8468beea04b9065b9807fc8b9cdc5894
https://conda.anaconda.org/conda-forge/osx-64/libzlib-1.3.1-hd23fc13_2.conda#003a54a4e32b02f7355b50a837e699da
https://conda.anaconda.org/conda-forge/osx-64/ncurses-6.5-h0622a9a_3.conda#ced34dd9929f491ca6dab6a2927aff25
https://conda.anaconda.org/conda-forge/osx-64/expat-2.7.3-heffb93a_0.conda#84e2a6d95d3a63f3971da8f7b810c7a7
https://conda.anaconda.org/conda-forge/osx-64/liblzma-devel-5.8.1-hd471939_2.conda#2e16f5b4f6c92b96f6a346f98adc4e3e
https://conda.anaconda.org/conda-forge/osx-64/libsqlite-3.51.1-h6cc646a_0.conda#f71213ed0c51030cb17a77fc60a757f1
https://conda.anaconda.org/conda-forge/osx-64/openssl-3.6.0-h230baf5_0.conda#3f50cdf9a97d0280655758b735781096
https://conda.anaconda.org/conda-forge/osx-64/readline-8.3-h68b038d_0.conda#eefd65452dfe7cce476a519bece46704
https://conda.anaconda.org/conda-forge/osx-64/tk-8.6.13-hf689a15_3.conda#bd9f1de651dbd80b51281c694827f78f
https://conda.anaconda.org/conda-forge/osx-64/xz-gpl-tools-5.8.1-h357f2ed_2.conda#d4044359fad6af47224e9ef483118378
https://conda.anaconda.org/conda-forge/osx-64/xz-tools-5.8.1-hd471939_2.conda#349148960ad74aece88028f2b5c62c51
https://conda.anaconda.org/conda-forge/osx-64/zlib-1.3.1-hd23fc13_2.conda#c989e0295dcbdc08106fe5d9e935f0b9
https://conda.anaconda.org/conda-forge/osx-64/gdbm-1.18-h8a0c380_2.tar.bz2#bcef512adfef490486e0ac10e24a6bff
https://conda.anaconda.org/conda-forge/osx-64/sqlite-3.51.1-h9e4bfbb_0.conda#abe6e51b7529c047912848821ba2f872
https://conda.anaconda.org/conda-forge/osx-64/xz-5.8.1-h357f2ed_2.conda#7eee908c7df8478c1f35b28efa2e42b1
https://conda.anaconda.org/conda-forge/osx-64/pypy3.9-7.3.15-hae43b7a_1.conda#6866a746ff1a9ffc95db3583fb33f030
https://conda.anaconda.org/conda-forge/osx-64/python-3.9.18-1_73_pypy.conda#a97655d892f24bdbf3d72e36f107285f
https://conda.anaconda.org/conda-forge/noarch/colorama-0.4.6-pyhd8ed1ab_1.conda#962b9857ee8e7018c22f2776ffa0b2d7
https://conda.anaconda.org/conda-forge/noarch/iniconfig-2.0.0-pyhd8ed1ab_1.conda#6837f3eff7dcea42ecd714ce1ac2b108
https://conda.anaconda.org/conda-forge/noarch/packaging-25.0-pyh29332c3_1.conda#58335b26c38bf4a20f399384c33cbcf9
https://conda.anaconda.org/conda-forge/noarch/pluggy-1.6.0-pyhf9edf01_1.conda#d7585b6550ad04c8c5e21097ada2888e
https://conda.anaconda.org/conda-forge/noarch/pygments-2.19.2-pyhd8ed1ab_0.conda#6b6ece66ebcae2d5f326c77ef2c5a066
https://conda.anaconda.org/conda-forge/noarch/pypy-7.3.15-1_pypy39.conda#a418a6c16bd6f7ed56b92194214791a0
https://conda.anaconda.org/conda-forge/noarch/setuptools-80.9.0-pyhff2d567_0.conda#4de79c071274a53dcaf2a8c749d1499e
https://conda.anaconda.org/conda-forge/noarch/tomli-2.2.1-pyhe01879c_2.conda#30a0a26c8abccf4b7991d590fe17c699
https://conda.anaconda.org/conda-forge/noarch/typing_extensions-4.14.1-pyhe01879c_0.conda#e523f4f1e980ed7a4240d7e27e9ec81f
https://conda.anaconda.org/conda-forge/noarch/wheel-0.45.1-pyhd8ed1ab_1.conda#75cb7132eb58d97896e173ef12ac9986
https://conda.anaconda.org/conda-forge/noarch/exceptiongroup-1.3.0-pyhd8ed1ab_0.conda#72e42d28960d875c7654614f8b50939a
https://conda.anaconda.org/conda-forge/noarch/pip-25.2-pyh8b19718_0.conda#dfce4b2af4bfe90cdcaf56ca0b28ddf5
https://conda.anaconda.org/conda-forge/noarch/pytest-8.4.1-pyhd8ed1ab_0.conda#a49c2283f24696a7b30367b7346a0144
