# Generated by conda-lock.
# platform: win-64
# input_hash: db97bc0b851ece7f2cc95859b8163be7d151476fb882bd7e239b215b437c928b
@EXPLICIT
https://conda.anaconda.org/conda-forge/noarch/python_abi-3.9-8_pypy39_pp73.conda#2ff00dc468e2e4f2d07a44a6ec9f854b
https://conda.anaconda.org/conda-forge/noarch/tzdata-2025c-h8577fbf_0.conda#338201218b54cadff2e774ac27733990
https://conda.anaconda.org/conda-forge/win-64/ucrt-10.0.26100.0-h57928b3_0.conda#71b24316859acd00bdb8b38f5e2ce328
https://conda.anaconda.org/conda-forge/noarch/ca-certificates-2025.11.12-h4c7d964_0.conda#f98fb7db808b94bc1ec5b0e62f9f1069
https://conda.anaconda.org/conda-forge/win-64/vcomp14-14.44.35208-h818238b_33.conda#4cb6942b4bd846e51b4849f4a93c7e6d
https://conda.anaconda.org/conda-forge/win-64/vc14_runtime-14.44.35208-h818238b_33.conda#fb8e4914c5ad1c71b3c519621e1df7b8
https://conda.anaconda.org/conda-forge/win-64/vc-14.3-h2b53caa_33.conda#2d1c042360c09498891809a3765261be
https://conda.anaconda.org/conda-forge/win-64/bzip2-1.0.8-h0ad9c76_8.conda#1077e9333c41ff0be8edd1a5ec0ddace
https://conda.anaconda.org/conda-forge/win-64/libexpat-2.7.3-hac47afa_0.conda#8c9e4f1a0e688eef2e95711178061a0f
https://conda.anaconda.org/conda-forge/win-64/libffi-3.5.2-h52bdfb6_0.conda#ba4ad812d2afc22b9a34ce8327a0930f
https://conda.anaconda.org/conda-forge/win-64/liblzma-5.8.1-h2466b09_2.conda#c15148b2e18da456f5108ccb5e411446
https://conda.anaconda.org/conda-forge/win-64/libsqlite-3.51.1-hf5d6505_0.conda#f92bef2f8e523bb0eabe60099683617a
https://conda.anaconda.org/conda-forge/win-64/libzlib-1.3.1-h2466b09_2.conda#41fbfac52c601159df6c01f875de31b9
https://conda.anaconda.org/conda-forge/win-64/openssl-3.6.0-h725018a_0.conda#84f8fb4afd1157f59098f618cd2437e4
https://conda.anaconda.org/conda-forge/win-64/tk-8.6.13-h2c6b04d_3.conda#7cb36e506a7dba4817970f8adb6396f9
https://conda.anaconda.org/conda-forge/win-64/expat-2.7.3-hac47afa_0.conda#c55cee28229fcbcd132d900db283650f
https://conda.anaconda.org/conda-forge/win-64/liblzma-devel-5.8.1-h2466b09_2.conda#42c90c4941c59f1b9f8fab627ad8ae76
https://conda.anaconda.org/conda-forge/win-64/sqlite-3.51.1-hdb435a2_0.conda#2a4cacda574f3377fb7e14630c9c0c73
https://conda.anaconda.org/conda-forge/win-64/xz-tools-5.8.1-h2466b09_2.conda#e1b62ec0457e6ba10287a49854108fdb
https://conda.anaconda.org/conda-forge/win-64/zlib-1.3.1-h2466b09_2.conda#be60c4e8efa55fddc17b4131aa47acbd
https://conda.anaconda.org/conda-forge/win-64/xz-5.8.1-h208afaa_2.conda#fb3fa84ea37de9f12cc8ba730cec0bdc
https://conda.anaconda.org/conda-forge/win-64/pypy3.9-7.3.15-h994e1e7_1.conda#789066bac1c779c7dd6714ab6eb5c743
https://conda.anaconda.org/conda-forge/win-64/python-3.9.18-1_73_pypy.conda#5cf0736ad57ababd38c03c9f15be1cf3
https://conda.anaconda.org/conda-forge/noarch/colorama-0.4.6-pyhd8ed1ab_1.conda#962b9857ee8e7018c22f2776ffa0b2d7
https://conda.anaconda.org/conda-forge/noarch/iniconfig-2.0.0-pyhd8ed1ab_1.conda#6837f3eff7dcea42ecd714ce1ac2b108
https://conda.anaconda.org/conda-forge/noarch/packaging-25.0-pyh29332c3_1.conda#58335b26c38bf4a20f399384c33cbcf9
https://conda.anaconda.org/conda-forge/noarch/pluggy-1.6.0-pyhf9edf01_1.conda#d7585b6550ad04c8c5e21097ada2888e
https://conda.anaconda.org/conda-forge/noarch/pygments-2.19.2-pyhd8ed1ab_0.conda#6b6ece66ebcae2d5f326c77ef2c5a066
https://conda.anaconda.org/conda-forge/noarch/pypy-7.3.15-1_pypy39.conda#a418a6c16bd6f7ed56b92194214791a0
https://conda.anaconda.org/conda-forge/noarch/setuptools-80.9.0-pyhff2d567_0.conda#4de79c071274a53dcaf2a8c749d1499e
https://conda.anaconda.org/conda-forge/noarch/tomli-2.2.1-pyhe01879c_2.conda#30a0a26c8abccf4b7991d590fe17c699
https://conda.anaconda.org/conda-forge/noarch/typing_extensions-4.14.1-pyhe01879c_0.conda#e523f4f1e980ed7a4240d7e27e9ec81f
https://conda.anaconda.org/conda-forge/noarch/wheel-0.45.1-pyhd8ed1ab_1.conda#75cb7132eb58d97896e173ef12ac9986
https://conda.anaconda.org/conda-forge/noarch/exceptiongroup-1.3.0-pyhd8ed1ab_0.conda#72e42d28960d875c7654614f8b50939a
https://conda.anaconda.org/conda-forge/noarch/pip-25.2-pyh8b19718_0.conda#dfce4b2af4bfe90cdcaf56ca0b28ddf5
https://conda.anaconda.org/conda-forge/noarch/pytest-8.4.1-pyhd8ed1ab_0.conda#a49c2283f24696a7b30367b7346a0144
